
Microsoft Visual Studio Solution File, Format Version 12.00
# Visual Studio Version 16
VisualStudioVersion = 16.0.29905.134
MinimumVisualStudioVersion = 10.0.40219.1
Project("{8BC9CEB8-8B4A-11D0-8D11-00A0C91BC942}") = "доп 3", "доп 3.vcxproj", "{AE04996E-D4C5-4AB5-B0D0-502972ACCA6F}"
EndProject
Global
	GlobalSection(SolutionConfigurationPlatforms) = preSolution
		Debug|x64 = Debug|x64
		Debug|x86 = Debug|x86
		Release|x64 = Release|x64
		Release|x86 = Release|x86
	EndGlobalSection
	GlobalSection(ProjectConfigurationPlatforms) = postSolution
		{AE04996E-D4C5-4AB5-B0D0-502972ACCA6F}.Debug|x64.ActiveCfg = Debug|x64
		{AE04996E-D4C5-4AB5-B0D0-502972ACCA6F}.Debug|x64.Build.0 = Debug|x64
		{AE04996E-D4C5-4AB5-B0D0-502972ACCA6F}.Debug|x86.ActiveCfg = Debug|Win32
		{AE04996E-D4C5-4AB5-B0D0-502972ACCA6F}.Debug|x86.Build.0 = Debug|Win32
		{AE04996E-D4C5-4AB5-B0D0-502972ACCA6F}.Release|x64.ActiveCfg = Release|x64
		{AE04996E-D4C5-4AB5-B0D0-502972ACCA6F}.Release|x64.Build.0 = Release|x64
		{AE04996E-D4C5-4AB5-B0D0-502972ACCA6F}.Release|x86.ActiveCfg = Release|Win32
		{AE04996E-D4C5-4AB5-B0D0-502972ACCA6F}.Release|x86.Build.0 = Release|Win32
	EndGlobalSection
	GlobalSection(SolutionProperties) = preSolution
		HideSolutionNode = FALSE
	EndGlobalSection
	GlobalSection(ExtensibilityGlobals) = postSolution
		SolutionGuid = {69AEF9FC-5914-4457-AF97-7B7AF3A4E78E}
	EndGlobalSection
EndGlobal
