
Microsoft Visual Studio Solution File, Format Version 12.00
# Visual Studio Version 16
VisualStudioVersion = 16.0.29905.134
MinimumVisualStudioVersion = 10.0.40219.1
Project("{8BC9CEB8-8B4A-11D0-8D11-00A0C91BC942}") = "доп 1", "доп 1.vcxproj", "{F04AEE64-4225-4F44-AE59-67E0F49A6F4B}"
EndProject
Global
	GlobalSection(SolutionConfigurationPlatforms) = preSolution
		Debug|x64 = Debug|x64
		Debug|x86 = Debug|x86
		Release|x64 = Release|x64
		Release|x86 = Release|x86
	EndGlobalSection
	GlobalSection(ProjectConfigurationPlatforms) = postSolution
		{F04AEE64-4225-4F44-AE59-67E0F49A6F4B}.Debug|x64.ActiveCfg = Debug|x64
		{F04AEE64-4225-4F44-AE59-67E0F49A6F4B}.Debug|x64.Build.0 = Debug|x64
		{F04AEE64-4225-4F44-AE59-67E0F49A6F4B}.Debug|x86.ActiveCfg = Debug|Win32
		{F04AEE64-4225-4F44-AE59-67E0F49A6F4B}.Debug|x86.Build.0 = Debug|Win32
		{F04AEE64-4225-4F44-AE59-67E0F49A6F4B}.Release|x64.ActiveCfg = Release|x64
		{F04AEE64-4225-4F44-AE59-67E0F49A6F4B}.Release|x64.Build.0 = Release|x64
		{F04AEE64-4225-4F44-AE59-67E0F49A6F4B}.Release|x86.ActiveCfg = Release|Win32
		{F04AEE64-4225-4F44-AE59-67E0F49A6F4B}.Release|x86.Build.0 = Release|Win32
	EndGlobalSection
	GlobalSection(SolutionProperties) = preSolution
		HideSolutionNode = FALSE
	EndGlobalSection
	GlobalSection(ExtensibilityGlobals) = postSolution
		SolutionGuid = {4B92BFC2-B463-486A-B68B-E6162ACD1BFD}
	EndGlobalSection
EndGlobal
