
Microsoft Visual Studio Solution File, Format Version 12.00
# Visual Studio Version 16
VisualStudioVersion = 16.0.30011.22
MinimumVisualStudioVersion = 10.0.40219.1
Project("{8BC9CEB8-8B4A-11D0-8D11-00A0C91BC942}") = "Lab17_dops", "Lab17_dops\Lab17_dops.vcxproj", "{399F352F-D4DC-44E7-94DF-E49A6C94B1B8}"
EndProject
Global
	GlobalSection(SolutionConfigurationPlatforms) = preSolution
		Debug|x64 = Debug|x64
		Debug|x86 = Debug|x86
		Release|x64 = Release|x64
		Release|x86 = Release|x86
	EndGlobalSection
	GlobalSection(ProjectConfigurationPlatforms) = postSolution
		{399F352F-D4DC-44E7-94DF-E49A6C94B1B8}.Debug|x64.ActiveCfg = Debug|x64
		{399F352F-D4DC-44E7-94DF-E49A6C94B1B8}.Debug|x64.Build.0 = Debug|x64
		{399F352F-D4DC-44E7-94DF-E49A6C94B1B8}.Debug|x86.ActiveCfg = Debug|Win32
		{399F352F-D4DC-44E7-94DF-E49A6C94B1B8}.Debug|x86.Build.0 = Debug|Win32
		{399F352F-D4DC-44E7-94DF-E49A6C94B1B8}.Release|x64.ActiveCfg = Release|x64
		{399F352F-D4DC-44E7-94DF-E49A6C94B1B8}.Release|x64.Build.0 = Release|x64
		{399F352F-D4DC-44E7-94DF-E49A6C94B1B8}.Release|x86.ActiveCfg = Release|Win32
		{399F352F-D4DC-44E7-94DF-E49A6C94B1B8}.Release|x86.Build.0 = Release|Win32
	EndGlobalSection
	GlobalSection(SolutionProperties) = preSolution
		HideSolutionNode = FALSE
	EndGlobalSection
	GlobalSection(ExtensibilityGlobals) = postSolution
		SolutionGuid = {946B34BA-8E71-4D47-B829-5DECF5055E51}
	EndGlobalSection
EndGlobal
