
Microsoft Visual Studio Solution File, Format Version 12.00
# Visual Studio Version 16
VisualStudioVersion = 16.0.29728.190
MinimumVisualStudioVersion = 10.0.40219.1
Project("{8BC9CEB8-8B4A-11D0-8D11-00A0C91BC942}") = "Lab2_dop1", "Lab2_dop1\Lab2_dop1.vcxproj", "{AF19FE63-DF01-4A47-AC35-36399120004F}"
EndProject
Global
	GlobalSection(SolutionConfigurationPlatforms) = preSolution
		Debug|x64 = Debug|x64
		Debug|x86 = Debug|x86
		Release|x64 = Release|x64
		Release|x86 = Release|x86
	EndGlobalSection
	GlobalSection(ProjectConfigurationPlatforms) = postSolution
		{AF19FE63-DF01-4A47-AC35-36399120004F}.Debug|x64.ActiveCfg = Debug|x64
		{AF19FE63-DF01-4A47-AC35-36399120004F}.Debug|x64.Build.0 = Debug|x64
		{AF19FE63-DF01-4A47-AC35-36399120004F}.Debug|x86.ActiveCfg = Debug|Win32
		{AF19FE63-DF01-4A47-AC35-36399120004F}.Debug|x86.Build.0 = Debug|Win32
		{AF19FE63-DF01-4A47-AC35-36399120004F}.Release|x64.ActiveCfg = Release|x64
		{AF19FE63-DF01-4A47-AC35-36399120004F}.Release|x64.Build.0 = Release|x64
		{AF19FE63-DF01-4A47-AC35-36399120004F}.Release|x86.ActiveCfg = Release|Win32
		{AF19FE63-DF01-4A47-AC35-36399120004F}.Release|x86.Build.0 = Release|Win32
	EndGlobalSection
	GlobalSection(SolutionProperties) = preSolution
		HideSolutionNode = FALSE
	EndGlobalSection
	GlobalSection(ExtensibilityGlobals) = postSolution
		SolutionGuid = {02532B6C-F364-4156-93C2-71E32DA65BE5}
	EndGlobalSection
EndGlobal
